{"version":4,"terraform_version":"1.10.6","serial":1,"lineage":"1ae96acc-0dd4-9c1f-9660-03e6be99a111","outputs":{"subnet_id":{"value":"subnet-0fbeace7fc2e31e57","type":"string"}},"resources":[{"mode":"managed","type":"aws_subnet","name":"this","provider":"provider[\"registry.opentofu.org/hashicorp/aws\"]","instances":[{"schema_version":1,"attributes":{"arn":"arn:aws:ec2:ap-south-1:898957426552:subnet/subnet-0fbeace7fc2e31e57","assign_ipv6_address_on_creation":false,"availability_zone":"ap-south-1a","availability_zone_id":"aps1-az1","cidr_block":"10.0.1.0/24","customer_owned_ipv4_pool":"","enable_dns64":false,"enable_lni_at_device_index":0,"enable_resource_name_dns_a_record_on_launch":false,"enable_resource_name_dns_aaaa_record_on_launch":false,"id":"subnet-0fbeace7fc2e31e57","ipv6_cidr_block":"","ipv6_cidr_block_association_id":"","ipv6_native":false,"map_customer_owned_ip_on_launch":false,"map_public_ip_on_launch":true,"outpost_arn":"","owner_id":"898957426552","private_dns_hostname_type_on_launch":"ip-name","region":"ap-south-1","tags":{"Name":"test-subnet-subnet"},"tags_all":{"Name":"test-subnet-subnet"},"timeouts":null,"vpc_id":"vpc-026b8e423adb30a90"},"sensitive_attributes":[],"private":"eyJlMmJmYjczMC1lY2FhLTExZTYtOGY4OC0zNDM2M2JjN2M0YzAiOnsiY3JlYXRlIjo2MDAwMDAwMDAwMDAsImRlbGV0ZSI6MTIwMDAwMDAwMDAwMH0sInNjaGVtYV92ZXJzaW9uIjoiMSJ9"}]}],"check_results":null}
