{"version":4,"terraform_version":"1.10.6","serial":9,"lineage":"bd13ea7b-0d5a-76c8-793d-986ac9d83947","outputs":{"vpc_id":{"value":"vpc-09105502bf4e8887a","type":"string"}},"resources":[{"mode":"managed","type":"aws_vpc","name":"this","provider":"provider[\"registry.opentofu.org/hashicorp/aws\"]","instances":[{"schema_version":1,"attributes":{"arn":"arn:aws:ec2:ap-south-1:898957426552:vpc/vpc-09105502bf4e8887a","assign_generated_ipv6_cidr_block":false,"cidr_block":"10.0.0.0/16","default_network_acl_id":"acl-047a4b562ab80bc18","default_route_table_id":"rtb-0270ebc2bc9f15c71","default_security_group_id":"sg-0e4ae35d6ce0111a7","dhcp_options_id":"dopt-010f839ccfc9d1c82","enable_dns_hostnames":true,"enable_dns_support":true,"enable_network_address_usage_metrics":false,"id":"vpc-09105502bf4e8887a","instance_tenancy":"default","ipv4_ipam_pool_id":null,"ipv4_netmask_length":null,"ipv6_association_id":"","ipv6_cidr_block":"","ipv6_cidr_block_network_border_group":"","ipv6_ipam_pool_id":"","ipv6_netmask_length":0,"main_route_table_id":"rtb-0270ebc2bc9f15c71","owner_id":"898957426552","region":"ap-south-1","tags":{"Environment":"dev","Name":"test-vpc-vpc","Project":"opentofu-demo"},"tags_all":{"Environment":"dev","Name":"test-vpc-vpc","Project":"opentofu-demo"}},"sensitive_attributes":[],"private":"eyJzY2hlbWFfdmVyc2lvbiI6IjEifQ=="}]}],"check_results":null}
