{"version":4,"terraform_version":"1.10.6","serial":17,"lineage":"bd13ea7b-0d5a-76c8-793d-986ac9d83947","outputs":{"vpc_id":{"value":"vpc-0806be5bf874fe537","type":"string"}},"resources":[{"mode":"managed","type":"aws_vpc","name":"this","provider":"provider[\"registry.opentofu.org/hashicorp/aws\"]","instances":[{"schema_version":1,"attributes":{"arn":"arn:aws:ec2:ap-south-1:898957426552:vpc/vpc-0806be5bf874fe537","assign_generated_ipv6_cidr_block":false,"cidr_block":"10.0.0.0/16","default_network_acl_id":"acl-07f8219f30d896a19","default_route_table_id":"rtb-0e3ff291013688862","default_security_group_id":"sg-0a06e4fb66db19f85","dhcp_options_id":"dopt-010f839ccfc9d1c82","enable_dns_hostnames":true,"enable_dns_support":true,"enable_network_address_usage_metrics":false,"id":"vpc-0806be5bf874fe537","instance_tenancy":"default","ipv4_ipam_pool_id":null,"ipv4_netmask_length":null,"ipv6_association_id":"","ipv6_cidr_block":"","ipv6_cidr_block_network_border_group":"","ipv6_ipam_pool_id":"","ipv6_netmask_length":0,"main_route_table_id":"rtb-0e3ff291013688862","owner_id":"898957426552","region":"ap-south-1","tags":{"Environment":"dev","Module":"vpc","Name":"test-vpc-vpc"},"tags_all":{"Environment":"dev","Module":"vpc","Name":"test-vpc-vpc"}},"sensitive_attributes":[],"private":"eyJzY2hlbWFfdmVyc2lvbiI6IjEifQ=="}]}],"check_results":null}
