{"version":4,"terraform_version":"1.10.6","serial":3,"lineage":"9f00e5d6-439f-72f9-ae39-c87fa75ac939","outputs":{"sg_id":{"value":"sg-0b6c2a6401656c71a","type":"string"}},"resources":[{"mode":"managed","type":"aws_security_group","name":"this","provider":"provider[\"registry.opentofu.org/hashicorp/aws\"]","instances":[{"schema_version":1,"attributes":{"arn":"arn:aws:ec2:ap-south-1:898957426552:security-group/sg-0b6c2a6401656c71a","description":"Security group for demo","egress":[{"cidr_blocks":["0.0.0.0/0"],"description":"","from_port":0,"ipv6_cidr_blocks":[],"prefix_list_ids":[],"protocol":"-1","security_groups":[],"self":false,"to_port":0}],"id":"sg-0b6c2a6401656c71a","ingress":[{"cidr_blocks":["1.2.3.4/32"],"description":"","from_port":22,"ipv6_cidr_blocks":[],"prefix_list_ids":[],"protocol":"tcp","security_groups":[],"self":false,"to_port":22}],"name":"test-sg","name_prefix":"","owner_id":"898957426552","region":"ap-south-1","revoke_rules_on_delete":false,"tags":{"Environment":"dev","Name":"test-sg-sg","Project":"opentofu-demo"},"tags_all":{"Environment":"dev","Name":"test-sg-sg","Project":"opentofu-demo"},"timeouts":null,"vpc_id":"vpc-09105502bf4e8887a"},"sensitive_attributes":[],"private":"eyJlMmJmYjczMC1lY2FhLTExZTYtOGY4OC0zNDM2M2JjN2M0YzAiOnsiY3JlYXRlIjo2MDAwMDAwMDAwMDAsImRlbGV0ZSI6OTAwMDAwMDAwMDAwfSwic2NoZW1hX3ZlcnNpb24iOiIxIn0="}]}],"check_results":null}
